
Microsoft Visual Studio Solution File, Format Version 12.00
Project("{FAE04EC0-301F-11D3-BF4B-00C04F79EFBC}") = "12.12 hw1", "12.12 hw1\12.12 hw1.csproj", "{13EE7E18-DD60-4FE6-B95F-7CF2A8702EA0}"
EndProject
Global
	GlobalSection(SolutionConfigurationPlatforms) = preSolution
		Debug|Any CPU = Debug|Any CPU
		Release|Any CPU = Release|Any CPU
	EndGlobalSection
	GlobalSection(ProjectConfigurationPlatforms) = postSolution
		{13EE7E18-DD60-4FE6-B95F-7CF2A8702EA0}.Debug|Any CPU.ActiveCfg = Debug|Any CPU
		{13EE7E18-DD60-4FE6-B95F-7CF2A8702EA0}.Debug|Any CPU.Build.0 = Debug|Any CPU
		{13EE7E18-DD60-4FE6-B95F-7CF2A8702EA0}.Release|Any CPU.ActiveCfg = Release|Any CPU
		{13EE7E18-DD60-4FE6-B95F-7CF2A8702EA0}.Release|Any CPU.Build.0 = Release|Any CPU
	EndGlobalSection
EndGlobal
